
Microsoft Visual Studio Solution File, Format Version 12.00
# Visual Studio Version 17
VisualStudioVersion = 17.11.35327.3
MinimumVisualStudioVersion = 10.0.40219.1
Project("{2150E333-8FDC-42A3-9474-1A3956D46DE8}") = "Solution Items", "Solution Items", "{83E81F37-1B6F-4783-AC79-CD3AAED865E1}"
	ProjectSection(SolutionItems) = preProject
		slide.png = slide.png
	EndProjectSection
EndProject
Project("{FAE04EC0-301F-11D3-BF4B-00C04F79EFBC}") = "BuildTree", "BuildTree\BuildTree.csproj", "{CF494F62-4738-46D9-986B-CF313325DEC7}"
EndProject
Project("{FAE04EC0-301F-11D3-BF4B-00C04F79EFBC}") = "InsertIntoBST", "InsertIntoBST\InsertIntoBST.csproj", "{36F5A0EC-BF26-408A-9394-947DDC676C50}"
EndProject
Project("{FAE04EC0-301F-11D3-BF4B-00C04F79EFBC}") = "Searches", "Searches\Searches.csproj", "{DBF09070-B022-4E3B-A875-28EC1720F61A}"
EndProject
Global
	GlobalSection(SolutionConfigurationPlatforms) = preSolution
		Debug|Any CPU = Debug|Any CPU
		Release|Any CPU = Release|Any CPU
	EndGlobalSection
	GlobalSection(ProjectConfigurationPlatforms) = postSolution
		{CF494F62-4738-46D9-986B-CF313325DEC7}.Debug|Any CPU.ActiveCfg = Debug|Any CPU
		{CF494F62-4738-46D9-986B-CF313325DEC7}.Debug|Any CPU.Build.0 = Debug|Any CPU
		{CF494F62-4738-46D9-986B-CF313325DEC7}.Release|Any CPU.ActiveCfg = Release|Any CPU
		{CF494F62-4738-46D9-986B-CF313325DEC7}.Release|Any CPU.Build.0 = Release|Any CPU
		{36F5A0EC-BF26-408A-9394-947DDC676C50}.Debug|Any CPU.ActiveCfg = Debug|Any CPU
		{36F5A0EC-BF26-408A-9394-947DDC676C50}.Debug|Any CPU.Build.0 = Debug|Any CPU
		{36F5A0EC-BF26-408A-9394-947DDC676C50}.Release|Any CPU.ActiveCfg = Release|Any CPU
		{36F5A0EC-BF26-408A-9394-947DDC676C50}.Release|Any CPU.Build.0 = Release|Any CPU
		{DBF09070-B022-4E3B-A875-28EC1720F61A}.Debug|Any CPU.ActiveCfg = Debug|Any CPU
		{DBF09070-B022-4E3B-A875-28EC1720F61A}.Debug|Any CPU.Build.0 = Debug|Any CPU
		{DBF09070-B022-4E3B-A875-28EC1720F61A}.Release|Any CPU.ActiveCfg = Release|Any CPU
		{DBF09070-B022-4E3B-A875-28EC1720F61A}.Release|Any CPU.Build.0 = Release|Any CPU
	EndGlobalSection
	GlobalSection(SolutionProperties) = preSolution
		HideSolutionNode = FALSE
	EndGlobalSection
	GlobalSection(ExtensibilityGlobals) = postSolution
		SolutionGuid = {B428D6DB-BD74-4818-84C4-AA38BC999C81}
	EndGlobalSection
EndGlobal
